// !$*UTF8*$!
{
	archiveVersion = 1;
	classes = {
	};
	objectVersion = 56;
	objects = {

/* Begin PBXBuildFile section */
		180DB5502B7401E400380157 /* R.Image.swift in Sources */ = {isa = PBXBuildFile; fileRef = 180DB54F2B7401E400380157 /* R.Image.swift */; };
		180DB5522B74021500380157 /* R.Color.swift in Sources */ = {isa = PBXBuildFile; fileRef = 180DB5512B74021500380157 /* R.Color.swift */; };
		180DB5542B7402E400380157 /* Style.swift in Sources */ = {isa = PBXBuildFile; fileRef = 180DB5532B7402E400380157 /* Style.swift */; };
		180DB5562B7402FC00380157 /* ButtonStyle.swift in Sources */ = {isa = PBXBuildFile; fileRef = 180DB5552B7402FC00380157 /* ButtonStyle.swift */; };
		180DB5582B74030C00380157 /* ControlStyle.swift in Sources */ = {isa = PBXBuildFile; fileRef = 180DB5572B74030C00380157 /* ControlStyle.swift */; };
		180DB55A2B74032400380157 /* LabelStyle.swift in Sources */ = {isa = PBXBuildFile; fileRef = 180DB5592B74032400380157 /* LabelStyle.swift */; };
		180DB55C2B74033400380157 /* LayerStyle.swift in Sources */ = {isa = PBXBuildFile; fileRef = 180DB55B2B74033400380157 /* LayerStyle.swift */; };
		180DB55E2B74034200380157 /* TextFieldStyle.swift in Sources */ = {isa = PBXBuildFile; fileRef = 180DB55D2B74034200380157 /* TextFieldStyle.swift */; };
		180DB5602B74035100380157 /* ViewStyle.swift in Sources */ = {isa = PBXBuildFile; fileRef = 180DB55F2B74035100380157 /* ViewStyle.swift */; };
		180DB56B2B7403EB00380157 /* ImageViewStyle.swift in Sources */ = {isa = PBXBuildFile; fileRef = 180DB56A2B7403EB00380157 /* ImageViewStyle.swift */; };
		1815A2D12B971F1F00D76C8D /* HomePresenter.swift in Sources */ = {isa = PBXBuildFile; fileRef = 1815A2CB2B971F1F00D76C8D /* HomePresenter.swift */; };
		1815A2D22B971F1F00D76C8D /* HomeRouter.swift in Sources */ = {isa = PBXBuildFile; fileRef = 1815A2CC2B971F1F00D76C8D /* HomeRouter.swift */; };
		1815A2D32B971F1F00D76C8D /* HomeModels.swift in Sources */ = {isa = PBXBuildFile; fileRef = 1815A2CD2B971F1F00D76C8D /* HomeModels.swift */; };
		1815A2D42B971F1F00D76C8D /* HomeViewController.swift in Sources */ = {isa = PBXBuildFile; fileRef = 1815A2CE2B971F1F00D76C8D /* HomeViewController.swift */; };
		1815A2D52B971F1F00D76C8D /* HomeInteractor.swift in Sources */ = {isa = PBXBuildFile; fileRef = 1815A2CF2B971F1F00D76C8D /* HomeInteractor.swift */; };
		1815A2D62B971F1F00D76C8D /* HomeView.xib in Resources */ = {isa = PBXBuildFile; fileRef = 1815A2D02B971F1F00D76C8D /* HomeView.xib */; };
		184305012B6CF2EB002E842B /* AppDelegate.swift in Sources */ = {isa = PBXBuildFile; fileRef = 184305002B6CF2EB002E842B /* AppDelegate.swift */; };
		1843050A2B6CF2EB002E842B /* Assets.xcassets in Resources */ = {isa = PBXBuildFile; fileRef = 184305092B6CF2EB002E842B /* Assets.xcassets */; };
		1843050D2B6CF2EB002E842B /* LaunchScreen.storyboard in Resources */ = {isa = PBXBuildFile; fileRef = 1843050B2B6CF2EB002E842B /* LaunchScreen.storyboard */; };
		1843051F2B6CF364002E842B /* RemoteDecoder.swift in Sources */ = {isa = PBXBuildFile; fileRef = 184305152B6CF364002E842B /* RemoteDecoder.swift */; };
		184305202B6CF364002E842B /* RemoteEntities.swift in Sources */ = {isa = PBXBuildFile; fileRef = 184305162B6CF364002E842B /* RemoteEntities.swift */; };
		184305212B6CF364002E842B /* URLQueryEncoder.swift in Sources */ = {isa = PBXBuildFile; fileRef = 184305172B6CF364002E842B /* URLQueryEncoder.swift */; };
		184305222B6CF364002E842B /* URLSessionProtocol.swift in Sources */ = {isa = PBXBuildFile; fileRef = 184305182B6CF364002E842B /* URLSessionProtocol.swift */; };
		184305232B6CF364002E842B /* RemoteEndpoint.swift in Sources */ = {isa = PBXBuildFile; fileRef = 184305192B6CF364002E842B /* RemoteEndpoint.swift */; };
		184305242B6CF364002E842B /* AppError.swift in Sources */ = {isa = PBXBuildFile; fileRef = 1843051A2B6CF364002E842B /* AppError.swift */; };
		184305252B6CF364002E842B /* RemoteEncoder.swift in Sources */ = {isa = PBXBuildFile; fileRef = 1843051B2B6CF364002E842B /* RemoteEncoder.swift */; };
		184305262B6CF364002E842B /* APIDecoder.swift in Sources */ = {isa = PBXBuildFile; fileRef = 1843051C2B6CF364002E842B /* APIDecoder.swift */; };
		184305272B6CF364002E842B /* Remote.swift in Sources */ = {isa = PBXBuildFile; fileRef = 1843051D2B6CF364002E842B /* Remote.swift */; };
		184305282B6CF364002E842B /* RemoteRequest.swift in Sources */ = {isa = PBXBuildFile; fileRef = 1843051E2B6CF364002E842B /* RemoteRequest.swift */; };
		1843052C2B6CF370002E842B /* ErrorResponse.swift in Sources */ = {isa = PBXBuildFile; fileRef = 1843052A2B6CF370002E842B /* ErrorResponse.swift */; };
		1843052D2B6CF370002E842B /* ErrorEntity.swift in Sources */ = {isa = PBXBuildFile; fileRef = 1843052B2B6CF370002E842B /* ErrorEntity.swift */; };
		1843053B2B6CFC83002E842B /* R.Font.swift in Sources */ = {isa = PBXBuildFile; fileRef = 1843053A2B6CFC83002E842B /* R.Font.swift */; };
		1843053D2B6CFC94002E842B /* R.swift in Sources */ = {isa = PBXBuildFile; fileRef = 1843053C2B6CFC94002E842B /* R.swift */; };
		187DA0382B795784002FEAED /* Endpoint.swift in Sources */ = {isa = PBXBuildFile; fileRef = 187DA0372B795784002FEAED /* Endpoint.swift */; };
		189901202B7EA8570074B80E /* DependencyFactory.swift in Sources */ = {isa = PBXBuildFile; fileRef = 1899011F2B7EA8570074B80E /* DependencyFactory.swift */; };
		189901232B7EA88C0074B80E /* ViewControllerFactory.swift in Sources */ = {isa = PBXBuildFile; fileRef = 189901222B7EA88C0074B80E /* ViewControllerFactory.swift */; };
		189901252B7EA8EA0074B80E /* AppFlow.swift in Sources */ = {isa = PBXBuildFile; fileRef = 189901242B7EA8EA0074B80E /* AppFlow.swift */; };
		189901282B7EA9510074B80E /* NavigationFlowController.swift in Sources */ = {isa = PBXBuildFile; fileRef = 189901272B7EA9510074B80E /* NavigationFlowController.swift */; };
		1899012A2B7EA9C40074B80E /* FlowController.swift in Sources */ = {isa = PBXBuildFile; fileRef = 189901292B7EA9C40074B80E /* FlowController.swift */; };
		1899012D2B7EAA520074B80E /* Navigator.swift in Sources */ = {isa = PBXBuildFile; fileRef = 1899012C2B7EAA520074B80E /* Navigator.swift */; };
		189901342B7EAAC90074B80E /* SplashPresenter.swift in Sources */ = {isa = PBXBuildFile; fileRef = 1899012E2B7EAAC90074B80E /* SplashPresenter.swift */; };
		189901352B7EAAC90074B80E /* SplashRouter.swift in Sources */ = {isa = PBXBuildFile; fileRef = 1899012F2B7EAAC90074B80E /* SplashRouter.swift */; };
		189901362B7EAAC90074B80E /* SplashModels.swift in Sources */ = {isa = PBXBuildFile; fileRef = 189901302B7EAAC90074B80E /* SplashModels.swift */; };
		189901372B7EAAC90074B80E /* SplashViewController.swift in Sources */ = {isa = PBXBuildFile; fileRef = 189901312B7EAAC90074B80E /* SplashViewController.swift */; };
		189901382B7EAAC90074B80E /* SplashInteractor.swift in Sources */ = {isa = PBXBuildFile; fileRef = 189901322B7EAAC90074B80E /* SplashInteractor.swift */; };
		189901392B7EAAC90074B80E /* SplashView.xib in Resources */ = {isa = PBXBuildFile; fileRef = 189901332B7EAAC90074B80E /* SplashView.xib */; };
/* End PBXBuildFile section */

/* Begin PBXFileReference section */
		180DB54F2B7401E400380157 /* R.Image.swift */ = {isa = PBXFileReference; lastKnownFileType = sourcecode.swift; path = R.Image.swift; sourceTree = "<group>"; };
		180DB5512B74021500380157 /* R.Color.swift */ = {isa = PBXFileReference; lastKnownFileType = sourcecode.swift; path = R.Color.swift; sourceTree = "<group>"; };
		180DB5532B7402E400380157 /* Style.swift */ = {isa = PBXFileReference; lastKnownFileType = sourcecode.swift; path = Style.swift; sourceTree = "<group>"; };
		180DB5552B7402FC00380157 /* ButtonStyle.swift */ = {isa = PBXFileReference; lastKnownFileType = sourcecode.swift; path = ButtonStyle.swift; sourceTree = "<group>"; };
		180DB5572B74030C00380157 /* ControlStyle.swift */ = {isa = PBXFileReference; lastKnownFileType = sourcecode.swift; path = ControlStyle.swift; sourceTree = "<group>"; };
		180DB5592B74032400380157 /* LabelStyle.swift */ = {isa = PBXFileReference; lastKnownFileType = sourcecode.swift; path = LabelStyle.swift; sourceTree = "<group>"; };
		180DB55B2B74033400380157 /* LayerStyle.swift */ = {isa = PBXFileReference; lastKnownFileType = sourcecode.swift; path = LayerStyle.swift; sourceTree = "<group>"; };
		180DB55D2B74034200380157 /* TextFieldStyle.swift */ = {isa = PBXFileReference; lastKnownFileType = sourcecode.swift; path = TextFieldStyle.swift; sourceTree = "<group>"; };
		180DB55F2B74035100380157 /* ViewStyle.swift */ = {isa = PBXFileReference; lastKnownFileType = sourcecode.swift; path = ViewStyle.swift; sourceTree = "<group>"; };
		180DB56A2B7403EB00380157 /* ImageViewStyle.swift */ = {isa = PBXFileReference; lastKnownFileType = sourcecode.swift; path = ImageViewStyle.swift; sourceTree = "<group>"; };
		1815A2CB2B971F1F00D76C8D /* HomePresenter.swift */ = {isa = PBXFileReference; lastKnownFileType = sourcecode.swift; path = HomePresenter.swift; sourceTree = "<group>"; };
		1815A2CC2B971F1F00D76C8D /* HomeRouter.swift */ = {isa = PBXFileReference; lastKnownFileType = sourcecode.swift; path = HomeRouter.swift; sourceTree = "<group>"; };
		1815A2CD2B971F1F00D76C8D /* HomeModels.swift */ = {isa = PBXFileReference; lastKnownFileType = sourcecode.swift; path = HomeModels.swift; sourceTree = "<group>"; };
		1815A2CE2B971F1F00D76C8D /* HomeViewController.swift */ = {isa = PBXFileReference; lastKnownFileType = sourcecode.swift; path = HomeViewController.swift; sourceTree = "<group>"; };
		1815A2CF2B971F1F00D76C8D /* HomeInteractor.swift */ = {isa = PBXFileReference; lastKnownFileType = sourcecode.swift; path = HomeInteractor.swift; sourceTree = "<group>"; };
		1815A2D02B971F1F00D76C8D /* HomeView.xib */ = {isa = PBXFileReference; lastKnownFileType = file.xib; path = HomeView.xib; sourceTree = "<group>"; };
		184304FD2B6CF2EB002E842B /* BoilerPlate.app */ = {isa = PBXFileReference; explicitFileType = wrapper.application; includeInIndex = 0; path = BoilerPlate.app; sourceTree = BUILT_PRODUCTS_DIR; };
		184305002B6CF2EB002E842B /* AppDelegate.swift */ = {isa = PBXFileReference; lastKnownFileType = sourcecode.swift; path = AppDelegate.swift; sourceTree = "<group>"; };
		184305092B6CF2EB002E842B /* Assets.xcassets */ = {isa = PBXFileReference; lastKnownFileType = folder.assetcatalog; path = Assets.xcassets; sourceTree = "<group>"; };
		1843050C2B6CF2EB002E842B /* Base */ = {isa = PBXFileReference; lastKnownFileType = file.storyboard; name = Base; path = Base.lproj/LaunchScreen.storyboard; sourceTree = "<group>"; };
		1843050E2B6CF2EB002E842B /* Info.plist */ = {isa = PBXFileReference; lastKnownFileType = text.plist.xml; path = Info.plist; sourceTree = "<group>"; };
		184305152B6CF364002E842B /* RemoteDecoder.swift */ = {isa = PBXFileReference; fileEncoding = 4; lastKnownFileType = sourcecode.swift; path = RemoteDecoder.swift; sourceTree = "<group>"; };
		184305162B6CF364002E842B /* RemoteEntities.swift */ = {isa = PBXFileReference; fileEncoding = 4; lastKnownFileType = sourcecode.swift; path = RemoteEntities.swift; sourceTree = "<group>"; };
		184305172B6CF364002E842B /* URLQueryEncoder.swift */ = {isa = PBXFileReference; fileEncoding = 4; lastKnownFileType = sourcecode.swift; path = URLQueryEncoder.swift; sourceTree = "<group>"; };
		184305182B6CF364002E842B /* URLSessionProtocol.swift */ = {isa = PBXFileReference; fileEncoding = 4; lastKnownFileType = sourcecode.swift; path = URLSessionProtocol.swift; sourceTree = "<group>"; };
		184305192B6CF364002E842B /* RemoteEndpoint.swift */ = {isa = PBXFileReference; fileEncoding = 4; lastKnownFileType = sourcecode.swift; path = RemoteEndpoint.swift; sourceTree = "<group>"; };
		1843051A2B6CF364002E842B /* AppError.swift */ = {isa = PBXFileReference; fileEncoding = 4; lastKnownFileType = sourcecode.swift; path = AppError.swift; sourceTree = "<group>"; };
		1843051B2B6CF364002E842B /* RemoteEncoder.swift */ = {isa = PBXFileReference; fileEncoding = 4; lastKnownFileType = sourcecode.swift; path = RemoteEncoder.swift; sourceTree = "<group>"; };
		1843051C2B6CF364002E842B /* APIDecoder.swift */ = {isa = PBXFileReference; fileEncoding = 4; lastKnownFileType = sourcecode.swift; path = APIDecoder.swift; sourceTree = "<group>"; };
		1843051D2B6CF364002E842B /* Remote.swift */ = {isa = PBXFileReference; fileEncoding = 4; lastKnownFileType = sourcecode.swift; path = Remote.swift; sourceTree = "<group>"; };
		1843051E2B6CF364002E842B /* RemoteRequest.swift */ = {isa = PBXFileReference; fileEncoding = 4; lastKnownFileType = sourcecode.swift; path = RemoteRequest.swift; sourceTree = "<group>"; };
		1843052A2B6CF370002E842B /* ErrorResponse.swift */ = {isa = PBXFileReference; fileEncoding = 4; lastKnownFileType = sourcecode.swift; path = ErrorResponse.swift; sourceTree = "<group>"; };
		1843052B2B6CF370002E842B /* ErrorEntity.swift */ = {isa = PBXFileReference; fileEncoding = 4; lastKnownFileType = sourcecode.swift; path = ErrorEntity.swift; sourceTree = "<group>"; };
		184305332B6CFC55002E842B /* SourceSansPro-Regular.otf */ = {isa = PBXFileReference; lastKnownFileType = file; path = "SourceSansPro-Regular.otf"; sourceTree = "<group>"; };
		184305342B6CFC55002E842B /* SourceSansPro-Black.otf */ = {isa = PBXFileReference; lastKnownFileType = file; path = "SourceSansPro-Black.otf"; sourceTree = "<group>"; };
		184305352B6CFC56002E842B /* SourceSansPro-Semibold.otf */ = {isa = PBXFileReference; lastKnownFileType = file; path = "SourceSansPro-Semibold.otf"; sourceTree = "<group>"; };
		184305362B6CFC56002E842B /* SourceSansPro-ExtraLight.otf */ = {isa = PBXFileReference; lastKnownFileType = file; path = "SourceSansPro-ExtraLight.otf"; sourceTree = "<group>"; };
		184305372B6CFC56002E842B /* SourceSansPro-Bold.otf */ = {isa = PBXFileReference; lastKnownFileType = file; path = "SourceSansPro-Bold.otf"; sourceTree = "<group>"; };
		184305382B6CFC56002E842B /* SourceSansPro-Light.otf */ = {isa = PBXFileReference; lastKnownFileType = file; path = "SourceSansPro-Light.otf"; sourceTree = "<group>"; };
		1843053A2B6CFC83002E842B /* R.Font.swift */ = {isa = PBXFileReference; lastKnownFileType = sourcecode.swift; path = R.Font.swift; sourceTree = "<group>"; };
		1843053C2B6CFC94002E842B /* R.swift */ = {isa = PBXFileReference; lastKnownFileType = sourcecode.swift; path = R.swift; sourceTree = "<group>"; };
		1843053E2B6CFDFA002E842B /* SourceSansPro-BlackIt.otf */ = {isa = PBXFileReference; lastKnownFileType = file; path = "SourceSansPro-BlackIt.otf"; sourceTree = "<group>"; };
		1843053F2B6CFDFA002E842B /* SourceSansPro-SemiboldIt.otf */ = {isa = PBXFileReference; lastKnownFileType = file; path = "SourceSansPro-SemiboldIt.otf"; sourceTree = "<group>"; };
		184305402B6CFDFA002E842B /* SourceSansPro-ExtraLightIt.otf */ = {isa = PBXFileReference; lastKnownFileType = file; path = "SourceSansPro-ExtraLightIt.otf"; sourceTree = "<group>"; };
		184305412B6CFDFA002E842B /* SourceSansPro-It.otf */ = {isa = PBXFileReference; lastKnownFileType = file; path = "SourceSansPro-It.otf"; sourceTree = "<group>"; };
		184305422B6CFDFB002E842B /* SourceSansPro-LightIt.otf */ = {isa = PBXFileReference; lastKnownFileType = file; path = "SourceSansPro-LightIt.otf"; sourceTree = "<group>"; };
		184305432B6CFDFB002E842B /* SourceSansPro-BoldIt.otf */ = {isa = PBXFileReference; lastKnownFileType = file; path = "SourceSansPro-BoldIt.otf"; sourceTree = "<group>"; };
		187DA0372B795784002FEAED /* Endpoint.swift */ = {isa = PBXFileReference; lastKnownFileType = sourcecode.swift; path = Endpoint.swift; sourceTree = "<group>"; };
		1899011F2B7EA8570074B80E /* DependencyFactory.swift */ = {isa = PBXFileReference; lastKnownFileType = sourcecode.swift; path = DependencyFactory.swift; sourceTree = "<group>"; };
		189901222B7EA88C0074B80E /* ViewControllerFactory.swift */ = {isa = PBXFileReference; lastKnownFileType = sourcecode.swift; path = ViewControllerFactory.swift; sourceTree = "<group>"; };
		189901242B7EA8EA0074B80E /* AppFlow.swift */ = {isa = PBXFileReference; lastKnownFileType = sourcecode.swift; path = AppFlow.swift; sourceTree = "<group>"; };
		189901272B7EA9510074B80E /* NavigationFlowController.swift */ = {isa = PBXFileReference; lastKnownFileType = sourcecode.swift; path = NavigationFlowController.swift; sourceTree = "<group>"; };
		189901292B7EA9C40074B80E /* FlowController.swift */ = {isa = PBXFileReference; lastKnownFileType = sourcecode.swift; path = FlowController.swift; sourceTree = "<group>"; };
		1899012C2B7EAA520074B80E /* Navigator.swift */ = {isa = PBXFileReference; lastKnownFileType = sourcecode.swift; path = Navigator.swift; sourceTree = "<group>"; };
		1899012E2B7EAAC90074B80E /* SplashPresenter.swift */ = {isa = PBXFileReference; lastKnownFileType = sourcecode.swift; path = SplashPresenter.swift; sourceTree = "<group>"; };
		1899012F2B7EAAC90074B80E /* SplashRouter.swift */ = {isa = PBXFileReference; lastKnownFileType = sourcecode.swift; path = SplashRouter.swift; sourceTree = "<group>"; };
		189901302B7EAAC90074B80E /* SplashModels.swift */ = {isa = PBXFileReference; lastKnownFileType = sourcecode.swift; path = SplashModels.swift; sourceTree = "<group>"; };
		189901312B7EAAC90074B80E /* SplashViewController.swift */ = {isa = PBXFileReference; lastKnownFileType = sourcecode.swift; path = SplashViewController.swift; sourceTree = "<group>"; };
		189901322B7EAAC90074B80E /* SplashInteractor.swift */ = {isa = PBXFileReference; lastKnownFileType = sourcecode.swift; path = SplashInteractor.swift; sourceTree = "<group>"; };
		189901332B7EAAC90074B80E /* SplashView.xib */ = {isa = PBXFileReference; lastKnownFileType = file.xib; path = SplashView.xib; sourceTree = "<group>"; };
/* End PBXFileReference section */

/* Begin PBXFrameworksBuildPhase section */
		184304FA2B6CF2EB002E842B /* Frameworks */ = {
			isa = PBXFrameworksBuildPhase;
			buildActionMask = 2147483647;
			files = (
			);
			runOnlyForDeploymentPostprocessing = 0;
		};
/* End PBXFrameworksBuildPhase section */

/* Begin PBXGroup section */
		1815A2CA2B971F1400D76C8D /* Home */ = {
			isa = PBXGroup;
			children = (
				1815A2CF2B971F1F00D76C8D /* HomeInteractor.swift */,
				1815A2CD2B971F1F00D76C8D /* HomeModels.swift */,
				1815A2CB2B971F1F00D76C8D /* HomePresenter.swift */,
				1815A2CC2B971F1F00D76C8D /* HomeRouter.swift */,
				1815A2D02B971F1F00D76C8D /* HomeView.xib */,
				1815A2CE2B971F1F00D76C8D /* HomeViewController.swift */,
			);
			path = Home;
			sourceTree = "<group>";
		};
		184304F42B6CF2EA002E842B = {
			isa = PBXGroup;
			children = (
				184304FF2B6CF2EB002E842B /* BoilerPlate */,
				184304FE2B6CF2EB002E842B /* Products */,
			);
			sourceTree = "<group>";
		};
		184304FE2B6CF2EB002E842B /* Products */ = {
			isa = PBXGroup;
			children = (
				184304FD2B6CF2EB002E842B /* BoilerPlate.app */,
			);
			name = Products;
			sourceTree = "<group>";
		};
		184304FF2B6CF2EB002E842B /* BoilerPlate */ = {
			isa = PBXGroup;
			children = (
				184305002B6CF2EB002E842B /* AppDelegate.swift */,
				184305092B6CF2EB002E842B /* Assets.xcassets */,
				1899011C2B7E96AE0074B80E /* Common */,
				189901162B7E842C0074B80E /* Data */,
				1899011E2B7E96CD0074B80E /* Flows */,
				184305322B6CFB3C002E842B /* Fonts */,
				1843050E2B6CF2EB002E842B /* Info.plist */,
				1843052E2B6CF7F9002E842B /* Libraries */,
				184305392B6CFC73002E842B /* R */,
				184305302B6CF827002E842B /* Screens */,
			);
			path = BoilerPlate;
			sourceTree = "<group>";
		};
		184305142B6CF354002E842B /* Remote */ = {
			isa = PBXGroup;
			children = (
				184305292B6CF368002E842B /* Models */,
				1843051A2B6CF364002E842B /* AppError.swift */,
				1843051D2B6CF364002E842B /* Remote.swift */,
				184305152B6CF364002E842B /* RemoteDecoder.swift */,
				1843051B2B6CF364002E842B /* RemoteEncoder.swift */,
				184305192B6CF364002E842B /* RemoteEndpoint.swift */,
				184305162B6CF364002E842B /* RemoteEntities.swift */,
				1843051E2B6CF364002E842B /* RemoteRequest.swift */,
				184305172B6CF364002E842B /* URLQueryEncoder.swift */,
				184305182B6CF364002E842B /* URLSessionProtocol.swift */,
			);
			path = Remote;
			sourceTree = "<group>";
		};
		184305292B6CF368002E842B /* Models */ = {
			isa = PBXGroup;
			children = (
				1843052A2B6CF370002E842B /* ErrorResponse.swift */,
				1843052B2B6CF370002E842B /* ErrorEntity.swift */,
			);
			path = Models;
			sourceTree = "<group>";
		};
		1843052E2B6CF7F9002E842B /* Libraries */ = {
			isa = PBXGroup;
			children = (
				184305142B6CF354002E842B /* Remote */,
				1843052F2B6CF810002E842B /* Styles */,
			);
			path = Libraries;
			sourceTree = "<group>";
		};
		1843052F2B6CF810002E842B /* Styles */ = {
			isa = PBXGroup;
			children = (
				180DB5552B7402FC00380157 /* ButtonStyle.swift */,
				180DB5572B74030C00380157 /* ControlStyle.swift */,
				180DB56A2B7403EB00380157 /* ImageViewStyle.swift */,
				180DB5592B74032400380157 /* LabelStyle.swift */,
				180DB55B2B74033400380157 /* LayerStyle.swift */,
				180DB5532B7402E400380157 /* Style.swift */,
				180DB55D2B74034200380157 /* TextFieldStyle.swift */,
				180DB55F2B74035100380157 /* ViewStyle.swift */,
			);
			path = Styles;
			sourceTree = "<group>";
		};
		184305302B6CF827002E842B /* Screens */ = {
			isa = PBXGroup;
			children = (
				1815A2CA2B971F1400D76C8D /* Home */,
				1843050B2B6CF2EB002E842B /* LaunchScreen.storyboard */,
				184305312B6CF842002E842B /* Splash */,
			);
			path = Screens;
			sourceTree = "<group>";
		};
		184305312B6CF842002E842B /* Splash */ = {
			isa = PBXGroup;
			children = (
				189901322B7EAAC90074B80E /* SplashInteractor.swift */,
				189901302B7EAAC90074B80E /* SplashModels.swift */,
				1899012E2B7EAAC90074B80E /* SplashPresenter.swift */,
				1899012F2B7EAAC90074B80E /* SplashRouter.swift */,
				189901332B7EAAC90074B80E /* SplashView.xib */,
				189901312B7EAAC90074B80E /* SplashViewController.swift */,
			);
			path = Splash;
			sourceTree = "<group>";
		};
		184305322B6CFB3C002E842B /* Fonts */ = {
			isa = PBXGroup;
			children = (
				184305342B6CFC55002E842B /* SourceSansPro-Black.otf */,
				1843053E2B6CFDFA002E842B /* SourceSansPro-BlackIt.otf */,
				184305372B6CFC56002E842B /* SourceSansPro-Bold.otf */,
				184305432B6CFDFB002E842B /* SourceSansPro-BoldIt.otf */,
				184305362B6CFC56002E842B /* SourceSansPro-ExtraLight.otf */,
				184305402B6CFDFA002E842B /* SourceSansPro-ExtraLightIt.otf */,
				184305412B6CFDFA002E842B /* SourceSansPro-It.otf */,
				184305382B6CFC56002E842B /* SourceSansPro-Light.otf */,
				184305422B6CFDFB002E842B /* SourceSansPro-LightIt.otf */,
				184305332B6CFC55002E842B /* SourceSansPro-Regular.otf */,
				184305352B6CFC56002E842B /* SourceSansPro-Semibold.otf */,
				1843053F2B6CFDFA002E842B /* SourceSansPro-SemiboldIt.otf */,
			);
			path = Fonts;
			sourceTree = "<group>";
		};
		184305392B6CFC73002E842B /* R */ = {
			isa = PBXGroup;
			children = (
				180DB5512B74021500380157 /* R.Color.swift */,
				1843053A2B6CFC83002E842B /* R.Font.swift */,
				180DB54F2B7401E400380157 /* R.Image.swift */,
				1843053C2B6CFC94002E842B /* R.swift */,
			);
			path = R;
			sourceTree = "<group>";
		};
		187DA0362B795765002FEAED /* API */ = {
			isa = PBXGroup;
			children = (
				1843051C2B6CF364002E842B /* APIDecoder.swift */,
				187DA0372B795784002FEAED /* Endpoint.swift */,
			);
			path = API;
			sourceTree = "<group>";
		};
		189901162B7E842C0074B80E /* Data */ = {
			isa = PBXGroup;
			children = (
				1899011B2B7E84AC0074B80E /* Fetchers */,
				1899011A2B7E849A0074B80E /* Enums */,
				189901192B7E848B0074B80E /* Entities */,
				189901172B7E84480074B80E /* Remotes */,
			);
			path = Data;
			sourceTree = "<group>";
		};
		189901172B7E84480074B80E /* Remotes */ = {
			isa = PBXGroup;
			children = (
				189901182B7E84500074B80E /* Models */,
				187DA0362B795765002FEAED /* API */,
			);
			path = Remotes;
			sourceTree = "<group>";
		};
		189901182B7E84500074B80E /* Models */ = {
			isa = PBXGroup;
			children = (
			);
			path = Models;
			sourceTree = "<group>";
		};
		189901192B7E848B0074B80E /* Entities */ = {
			isa = PBXGroup;
			children = (
			);
			path = Entities;
			sourceTree = "<group>";
		};
		1899011A2B7E849A0074B80E /* Enums */ = {
			isa = PBXGroup;
			children = (
			);
			path = Enums;
			sourceTree = "<group>";
		};
		1899011B2B7E84AC0074B80E /* Fetchers */ = {
			isa = PBXGroup;
			children = (
			);
			path = Fetchers;
			sourceTree = "<group>";
		};
		1899011C2B7E96AE0074B80E /* Common */ = {
			isa = PBXGroup;
			children = (
				1899012B2B7EAA1F0074B80E /* Presentation */,
				1899011D2B7E96BB0074B80E /* Factories */,
			);
			path = Common;
			sourceTree = "<group>";
		};
		1899011D2B7E96BB0074B80E /* Factories */ = {
			isa = PBXGroup;
			children = (
				189901212B7EA8740074B80E /* ViewControllerFactory */,
				1899011F2B7EA8570074B80E /* DependencyFactory.swift */,
			);
			path = Factories;
			sourceTree = "<group>";
		};
		1899011E2B7E96CD0074B80E /* Flows */ = {
			isa = PBXGroup;
			children = (
				189901262B7EA9440074B80E /* Base */,
				189901242B7EA8EA0074B80E /* AppFlow.swift */,
			);
			path = Flows;
			sourceTree = "<group>";
		};
		189901212B7EA8740074B80E /* ViewControllerFactory */ = {
			isa = PBXGroup;
			children = (
				189901222B7EA88C0074B80E /* ViewControllerFactory.swift */,
			);
			path = ViewControllerFactory;
			sourceTree = "<group>";
		};
		189901262B7EA9440074B80E /* Base */ = {
			isa = PBXGroup;
			children = (
				189901272B7EA9510074B80E /* NavigationFlowController.swift */,
				189901292B7EA9C40074B80E /* FlowController.swift */,
				1899012C2B7EAA520074B80E /* Navigator.swift */,
			);
			path = Base;
			sourceTree = "<group>";
		};
		1899012B2B7EAA1F0074B80E /* Presentation */ = {
			isa = PBXGroup;
			children = (
			);
			path = Presentation;
			sourceTree = "<group>";
		};
/* End PBXGroup section */

/* Begin PBXNativeTarget section */
		184304FC2B6CF2EB002E842B /* BoilerPlate */ = {
			isa = PBXNativeTarget;
			buildConfigurationList = 184305112B6CF2EB002E842B /* Build configuration list for PBXNativeTarget "BoilerPlate" */;
			buildPhases = (
				184304F92B6CF2EB002E842B /* Sources */,
				184304FA2B6CF2EB002E842B /* Frameworks */,
				184304FB2B6CF2EB002E842B /* Resources */,
			);
			buildRules = (
			);
			dependencies = (
			);
			name = BoilerPlate;
			productName = BoilerPlate;
			productReference = 184304FD2B6CF2EB002E842B /* BoilerPlate.app */;
			productType = "com.apple.product-type.application";
		};
/* End PBXNativeTarget section */

/* Begin PBXProject section */
		184304F52B6CF2EA002E842B /* Project object */ = {
			isa = PBXProject;
			attributes = {
				BuildIndependentTargetsInParallel = 1;
				LastSwiftUpdateCheck = 1430;
				LastUpgradeCheck = 1520;
				TargetAttributes = {
					184304FC2B6CF2EB002E842B = {
						CreatedOnToolsVersion = 14.3.1;
					};
				};
			};
			buildConfigurationList = 184304F82B6CF2EA002E842B /* Build configuration list for PBXProject "BoilerPlate" */;
			compatibilityVersion = "Xcode 14.0";
			developmentRegion = en;
			hasScannedForEncodings = 0;
			knownRegions = (
				en,
				Base,
			);
			mainGroup = 184304F42B6CF2EA002E842B;
			productRefGroup = 184304FE2B6CF2EB002E842B /* Products */;
			projectDirPath = "";
			projectRoot = "";
			targets = (
				184304FC2B6CF2EB002E842B /* BoilerPlate */,
			);
		};
/* End PBXProject section */

/* Begin PBXResourcesBuildPhase section */
		184304FB2B6CF2EB002E842B /* Resources */ = {
			isa = PBXResourcesBuildPhase;
			buildActionMask = 2147483647;
			files = (
				1843050D2B6CF2EB002E842B /* LaunchScreen.storyboard in Resources */,
				189901392B7EAAC90074B80E /* SplashView.xib in Resources */,
				1843050A2B6CF2EB002E842B /* Assets.xcassets in Resources */,
				1815A2D62B971F1F00D76C8D /* HomeView.xib in Resources */,
			);
			runOnlyForDeploymentPostprocessing = 0;
		};
/* End PBXResourcesBuildPhase section */

/* Begin PBXSourcesBuildPhase section */
		184304F92B6CF2EB002E842B /* Sources */ = {
			isa = PBXSourcesBuildPhase;
			buildActionMask = 2147483647;
			files = (
				184305222B6CF364002E842B /* URLSessionProtocol.swift in Sources */,
				189901342B7EAAC90074B80E /* SplashPresenter.swift in Sources */,
				1899012D2B7EAA520074B80E /* Navigator.swift in Sources */,
				180DB55C2B74033400380157 /* LayerStyle.swift in Sources */,
				180DB5502B7401E400380157 /* R.Image.swift in Sources */,
				1815A2D42B971F1F00D76C8D /* HomeViewController.swift in Sources */,
				180DB5522B74021500380157 /* R.Color.swift in Sources */,
				180DB5582B74030C00380157 /* ControlStyle.swift in Sources */,
				189901282B7EA9510074B80E /* NavigationFlowController.swift in Sources */,
				180DB55A2B74032400380157 /* LabelStyle.swift in Sources */,
				1815A2D12B971F1F00D76C8D /* HomePresenter.swift in Sources */,
				180DB56B2B7403EB00380157 /* ImageViewStyle.swift in Sources */,
				184305282B6CF364002E842B /* RemoteRequest.swift in Sources */,
				184305202B6CF364002E842B /* RemoteEntities.swift in Sources */,
				184305252B6CF364002E842B /* RemoteEncoder.swift in Sources */,
				189901252B7EA8EA0074B80E /* AppFlow.swift in Sources */,
				180DB5562B7402FC00380157 /* ButtonStyle.swift in Sources */,
				184305242B6CF364002E842B /* AppError.swift in Sources */,
				1899012A2B7EA9C40074B80E /* FlowController.swift in Sources */,
				184305212B6CF364002E842B /* URLQueryEncoder.swift in Sources */,
				1843052D2B6CF370002E842B /* ErrorEntity.swift in Sources */,
				187DA0382B795784002FEAED /* Endpoint.swift in Sources */,
				189901202B7EA8570074B80E /* DependencyFactory.swift in Sources */,
				1843051F2B6CF364002E842B /* RemoteDecoder.swift in Sources */,
				184305232B6CF364002E842B /* RemoteEndpoint.swift in Sources */,
				1815A2D32B971F1F00D76C8D /* HomeModels.swift in Sources */,
				184305012B6CF2EB002E842B /* AppDelegate.swift in Sources */,
				189901362B7EAAC90074B80E /* SplashModels.swift in Sources */,
				189901352B7EAAC90074B80E /* SplashRouter.swift in Sources */,
				189901232B7EA88C0074B80E /* ViewControllerFactory.swift in Sources */,
				1815A2D22B971F1F00D76C8D /* HomeRouter.swift in Sources */,
				1843053D2B6CFC94002E842B /* R.swift in Sources */,
				184305262B6CF364002E842B /* APIDecoder.swift in Sources */,
				189901382B7EAAC90074B80E /* SplashInteractor.swift in Sources */,
				1815A2D52B971F1F00D76C8D /* HomeInteractor.swift in Sources */,
				184305272B6CF364002E842B /* Remote.swift in Sources */,
				1843053B2B6CFC83002E842B /* R.Font.swift in Sources */,
				189901372B7EAAC90074B80E /* SplashViewController.swift in Sources */,
				1843052C2B6CF370002E842B /* ErrorResponse.swift in Sources */,
				180DB55E2B74034200380157 /* TextFieldStyle.swift in Sources */,
				180DB5602B74035100380157 /* ViewStyle.swift in Sources */,
				180DB5542B7402E400380157 /* Style.swift in Sources */,
			);
			runOnlyForDeploymentPostprocessing = 0;
		};
/* End PBXSourcesBuildPhase section */

/* Begin PBXVariantGroup section */
		1843050B2B6CF2EB002E842B /* LaunchScreen.storyboard */ = {
			isa = PBXVariantGroup;
			children = (
				1843050C2B6CF2EB002E842B /* Base */,
			);
			name = LaunchScreen.storyboard;
			sourceTree = "<group>";
		};
/* End PBXVariantGroup section */

/* Begin XCBuildConfiguration section */
		1843050F2B6CF2EB002E842B /* Debug */ = {
			isa = XCBuildConfiguration;
			buildSettings = {
				ALWAYS_SEARCH_USER_PATHS = NO;
				ASSETCATALOG_COMPILER_GENERATE_SWIFT_ASSET_SYMBOL_EXTENSIONS = YES;
				CLANG_ANALYZER_NONNULL = YES;
				CLANG_ANALYZER_NUMBER_OBJECT_CONVERSION = YES_AGGRESSIVE;
				CLANG_CXX_LANGUAGE_STANDARD = "gnu++20";
				CLANG_ENABLE_MODULES = YES;
				CLANG_ENABLE_OBJC_ARC = YES;
				CLANG_ENABLE_OBJC_WEAK = YES;
				CLANG_WARN_BLOCK_CAPTURE_AUTORELEASING = YES;
				CLANG_WARN_BOOL_CONVERSION = YES;
				CLANG_WARN_COMMA = YES;
				CLANG_WARN_CONSTANT_CONVERSION = YES;
				CLANG_WARN_DEPRECATED_OBJC_IMPLEMENTATIONS = YES;
				CLANG_WARN_DIRECT_OBJC_ISA_USAGE = YES_ERROR;
				CLANG_WARN_DOCUMENTATION_COMMENTS = YES;
				CLANG_WARN_EMPTY_BODY = YES;
				CLANG_WARN_ENUM_CONVERSION = YES;
				CLANG_WARN_INFINITE_RECURSION = YES;
				CLANG_WARN_INT_CONVERSION = YES;
				CLANG_WARN_NON_LITERAL_NULL_CONVERSION = YES;
				CLANG_WARN_OBJC_IMPLICIT_RETAIN_SELF = YES;
				CLANG_WARN_OBJC_LITERAL_CONVERSION = YES;
				CLANG_WARN_OBJC_ROOT_CLASS = YES_ERROR;
				CLANG_WARN_QUOTED_INCLUDE_IN_FRAMEWORK_HEADER = YES;
				CLANG_WARN_RANGE_LOOP_ANALYSIS = YES;
				CLANG_WARN_STRICT_PROTOTYPES = YES;
				CLANG_WARN_SUSPICIOUS_MOVE = YES;
				CLANG_WARN_UNGUARDED_AVAILABILITY = YES_AGGRESSIVE;
				CLANG_WARN_UNREACHABLE_CODE = YES;
				CLANG_WARN__DUPLICATE_METHOD_MATCH = YES;
				COPY_PHASE_STRIP = NO;
				DEBUG_INFORMATION_FORMAT = dwarf;
				ENABLE_STRICT_OBJC_MSGSEND = YES;
				ENABLE_TESTABILITY = YES;
				ENABLE_USER_SCRIPT_SANDBOXING = YES;
				GCC_C_LANGUAGE_STANDARD = gnu11;
				GCC_DYNAMIC_NO_PIC = NO;
				GCC_NO_COMMON_BLOCKS = YES;
				GCC_OPTIMIZATION_LEVEL = 0;
				GCC_PREPROCESSOR_DEFINITIONS = (
					"DEBUG=1",
					"$(inherited)",
				);
				GCC_WARN_64_TO_32_BIT_CONVERSION = YES;
				GCC_WARN_ABOUT_RETURN_TYPE = YES_ERROR;
				GCC_WARN_UNDECLARED_SELECTOR = YES;
				GCC_WARN_UNINITIALIZED_AUTOS = YES_AGGRESSIVE;
				GCC_WARN_UNUSED_FUNCTION = YES;
				GCC_WARN_UNUSED_VARIABLE = YES;
				IPHONEOS_DEPLOYMENT_TARGET = 16.4;
				MTL_ENABLE_DEBUG_INFO = INCLUDE_SOURCE;
				MTL_FAST_MATH = YES;
				ONLY_ACTIVE_ARCH = YES;
				SDKROOT = iphoneos;
				SWIFT_ACTIVE_COMPILATION_CONDITIONS = DEBUG;
				SWIFT_OPTIMIZATION_LEVEL = "-Onone";
			};
			name = Debug;
		};
		184305102B6CF2EB002E842B /* Release */ = {
			isa = XCBuildConfiguration;
			buildSettings = {
				ALWAYS_SEARCH_USER_PATHS = NO;
				ASSETCATALOG_COMPILER_GENERATE_SWIFT_ASSET_SYMBOL_EXTENSIONS = YES;
				CLANG_ANALYZER_NONNULL = YES;
				CLANG_ANALYZER_NUMBER_OBJECT_CONVERSION = YES_AGGRESSIVE;
				CLANG_CXX_LANGUAGE_STANDARD = "gnu++20";
				CLANG_ENABLE_MODULES = YES;
				CLANG_ENABLE_OBJC_ARC = YES;
				CLANG_ENABLE_OBJC_WEAK = YES;
				CLANG_WARN_BLOCK_CAPTURE_AUTORELEASING = YES;
				CLANG_WARN_BOOL_CONVERSION = YES;
				CLANG_WARN_COMMA = YES;
				CLANG_WARN_CONSTANT_CONVERSION = YES;
				CLANG_WARN_DEPRECATED_OBJC_IMPLEMENTATIONS = YES;
				CLANG_WARN_DIRECT_OBJC_ISA_USAGE = YES_ERROR;
				CLANG_WARN_DOCUMENTATION_COMMENTS = YES;
				CLANG_WARN_EMPTY_BODY = YES;
				CLANG_WARN_ENUM_CONVERSION = YES;
				CLANG_WARN_INFINITE_RECURSION = YES;
				CLANG_WARN_INT_CONVERSION = YES;
				CLANG_WARN_NON_LITERAL_NULL_CONVERSION = YES;
				CLANG_WARN_OBJC_IMPLICIT_RETAIN_SELF = YES;
				CLANG_WARN_OBJC_LITERAL_CONVERSION = YES;
				CLANG_WARN_OBJC_ROOT_CLASS = YES_ERROR;
				CLANG_WARN_QUOTED_INCLUDE_IN_FRAMEWORK_HEADER = YES;
				CLANG_WARN_RANGE_LOOP_ANALYSIS = YES;
				CLANG_WARN_STRICT_PROTOTYPES = YES;
				CLANG_WARN_SUSPICIOUS_MOVE = YES;
				CLANG_WARN_UNGUARDED_AVAILABILITY = YES_AGGRESSIVE;
				CLANG_WARN_UNREACHABLE_CODE = YES;
				CLANG_WARN__DUPLICATE_METHOD_MATCH = YES;
				COPY_PHASE_STRIP = NO;
				DEBUG_INFORMATION_FORMAT = "dwarf-with-dsym";
				ENABLE_NS_ASSERTIONS = NO;
				ENABLE_STRICT_OBJC_MSGSEND = YES;
				ENABLE_USER_SCRIPT_SANDBOXING = YES;
				GCC_C_LANGUAGE_STANDARD = gnu11;
				GCC_NO_COMMON_BLOCKS = YES;
				GCC_WARN_64_TO_32_BIT_CONVERSION = YES;
				GCC_WARN_ABOUT_RETURN_TYPE = YES_ERROR;
				GCC_WARN_UNDECLARED_SELECTOR = YES;
				GCC_WARN_UNINITIALIZED_AUTOS = YES_AGGRESSIVE;
				GCC_WARN_UNUSED_FUNCTION = YES;
				GCC_WARN_UNUSED_VARIABLE = YES;
				IPHONEOS_DEPLOYMENT_TARGET = 16.4;
				MTL_ENABLE_DEBUG_INFO = NO;
				MTL_FAST_MATH = YES;
				SDKROOT = iphoneos;
				SWIFT_COMPILATION_MODE = wholemodule;
				SWIFT_OPTIMIZATION_LEVEL = "-O";
				VALIDATE_PRODUCT = YES;
			};
			name = Release;
		};
		184305122B6CF2EB002E842B /* Debug */ = {
			isa = XCBuildConfiguration;
			buildSettings = {
				ASSETCATALOG_COMPILER_APPICON_NAME = AppIcon;
				ASSETCATALOG_COMPILER_GLOBAL_ACCENT_COLOR_NAME = AccentColor;
				CODE_SIGN_STYLE = Automatic;
				CURRENT_PROJECT_VERSION = 1;
				DEVELOPMENT_TEAM = 2JKHBVBWUA;
				GENERATE_INFOPLIST_FILE = YES;
				INFOPLIST_FILE = BoilerPlate/Info.plist;
				INFOPLIST_KEY_UIApplicationSupportsIndirectInputEvents = YES;
				INFOPLIST_KEY_UILaunchStoryboardName = LaunchScreen;
				INFOPLIST_KEY_UIMainStoryboardFile = "";
				INFOPLIST_KEY_UISupportedInterfaceOrientations_iPad = "UIInterfaceOrientationPortrait UIInterfaceOrientationPortraitUpsideDown UIInterfaceOrientationLandscapeLeft UIInterfaceOrientationLandscapeRight";
				INFOPLIST_KEY_UISupportedInterfaceOrientations_iPhone = "UIInterfaceOrientationPortrait UIInterfaceOrientationLandscapeLeft UIInterfaceOrientationLandscapeRight";
				IPHONEOS_DEPLOYMENT_TARGET = 13.0;
				LD_RUNPATH_SEARCH_PATHS = (
					"$(inherited)",
					"@executable_path/Frameworks",
				);
				MARKETING_VERSION = 1.0;
				PRODUCT_BUNDLE_IDENTIFIER = com.yavuz.BoilerPlate;
				PRODUCT_NAME = "$(TARGET_NAME)";
				SWIFT_EMIT_LOC_STRINGS = YES;
				SWIFT_VERSION = 5.0;
				TARGETED_DEVICE_FAMILY = "1,2";
			};
			name = Debug;
		};
		184305132B6CF2EB002E842B /* Release */ = {
			isa = XCBuildConfiguration;
			buildSettings = {
				ASSETCATALOG_COMPILER_APPICON_NAME = AppIcon;
				ASSETCATALOG_COMPILER_GLOBAL_ACCENT_COLOR_NAME = AccentColor;
				CODE_SIGN_STYLE = Automatic;
				CURRENT_PROJECT_VERSION = 1;
				DEVELOPMENT_TEAM = 2JKHBVBWUA;
				GENERATE_INFOPLIST_FILE = YES;
				INFOPLIST_FILE = BoilerPlate/Info.plist;
				INFOPLIST_KEY_UIApplicationSupportsIndirectInputEvents = YES;
				INFOPLIST_KEY_UILaunchStoryboardName = LaunchScreen;
				INFOPLIST_KEY_UIMainStoryboardFile = "";
				INFOPLIST_KEY_UISupportedInterfaceOrientations_iPad = "UIInterfaceOrientationPortrait UIInterfaceOrientationPortraitUpsideDown UIInterfaceOrientationLandscapeLeft UIInterfaceOrientationLandscapeRight";
				INFOPLIST_KEY_UISupportedInterfaceOrientations_iPhone = "UIInterfaceOrientationPortrait UIInterfaceOrientationLandscapeLeft UIInterfaceOrientationLandscapeRight";
				IPHONEOS_DEPLOYMENT_TARGET = 13.0;
				LD_RUNPATH_SEARCH_PATHS = (
					"$(inherited)",
					"@executable_path/Frameworks",
				);
				MARKETING_VERSION = 1.0;
				PRODUCT_BUNDLE_IDENTIFIER = com.yavuz.BoilerPlate;
				PRODUCT_NAME = "$(TARGET_NAME)";
				SWIFT_EMIT_LOC_STRINGS = YES;
				SWIFT_VERSION = 5.0;
				TARGETED_DEVICE_FAMILY = "1,2";
			};
			name = Release;
		};
/* End XCBuildConfiguration section */

/* Begin XCConfigurationList section */
		184304F82B6CF2EA002E842B /* Build configuration list for PBXProject "BoilerPlate" */ = {
			isa = XCConfigurationList;
			buildConfigurations = (
				1843050F2B6CF2EB002E842B /* Debug */,
				184305102B6CF2EB002E842B /* Release */,
			);
			defaultConfigurationIsVisible = 0;
			defaultConfigurationName = Release;
		};
		184305112B6CF2EB002E842B /* Build configuration list for PBXNativeTarget "BoilerPlate" */ = {
			isa = XCConfigurationList;
			buildConfigurations = (
				184305122B6CF2EB002E842B /* Debug */,
				184305132B6CF2EB002E842B /* Release */,
			);
			defaultConfigurationIsVisible = 0;
			defaultConfigurationName = Release;
		};
/* End XCConfigurationList section */
	};
	rootObject = 184304F52B6CF2EA002E842B /* Project object */;
}
